
Microsoft Visual Studio Solution File, Format Version 12.00
# Visual Studio 15
Project("{FAE04EC0-301F-11D3-BF4B-00C04F79EFBC}") = "3dEngot32.Plugins", "3dEngot32.Plugins.csproj", "{C36AE383-8F85-01B9-4852-B5AD720B68E4}"
EndProject
Project("{FAE04EC0-301F-11D3-BF4B-00C04F79EFBC}") = "3dEngot32", "3dEngot32.csproj", "{A3F0CA48-0338-CC93-6B58-E16164A087EB}"
EndProject
Project("{FAE04EC0-301F-11D3-BF4B-00C04F79EFBC}") = "3dEngot32.Editor.Plugins", "3dEngot32.Editor.Plugins.csproj", "{EF20F446-56A1-1584-3224-CA82A952375A}"
EndProject
Project("{FAE04EC0-301F-11D3-BF4B-00C04F79EFBC}") = "3dEngot32.Editor", "3dEngot32.Editor.csproj", "{135C0BEC-FBC4-AF16-3DB3-E4C67817090E}"
EndProject
Global
	GlobalSection(SolutionConfigurationPlatforms) = preSolution
		Debug|Any CPU = Debug|Any CPU
		Release|Any CPU = Release|Any CPU
	EndGlobalSection
	GlobalSection(ProjectConfigurationPlatforms) = postSolution
		{C36AE383-8F85-01B9-4852-B5AD720B68E4}.Debug|Any CPU.ActiveCfg = Debug|Any CPU
		{C36AE383-8F85-01B9-4852-B5AD720B68E4}.Debug|Any CPU.Build.0 = Debug|Any CPU
		{C36AE383-8F85-01B9-4852-B5AD720B68E4}.Release|Any CPU.ActiveCfg = Release|Any CPU
		{C36AE383-8F85-01B9-4852-B5AD720B68E4}.Release|Any CPU.Build.0 = Release|Any CPU
		{A3F0CA48-0338-CC93-6B58-E16164A087EB}.Debug|Any CPU.ActiveCfg = Debug|Any CPU
		{A3F0CA48-0338-CC93-6B58-E16164A087EB}.Debug|Any CPU.Build.0 = Debug|Any CPU
		{A3F0CA48-0338-CC93-6B58-E16164A087EB}.Release|Any CPU.ActiveCfg = Release|Any CPU
		{A3F0CA48-0338-CC93-6B58-E16164A087EB}.Release|Any CPU.Build.0 = Release|Any CPU
		{EF20F446-56A1-1584-3224-CA82A952375A}.Debug|Any CPU.ActiveCfg = Debug|Any CPU
		{EF20F446-56A1-1584-3224-CA82A952375A}.Debug|Any CPU.Build.0 = Debug|Any CPU
		{EF20F446-56A1-1584-3224-CA82A952375A}.Release|Any CPU.ActiveCfg = Release|Any CPU
		{EF20F446-56A1-1584-3224-CA82A952375A}.Release|Any CPU.Build.0 = Release|Any CPU
		{135C0BEC-FBC4-AF16-3DB3-E4C67817090E}.Debug|Any CPU.ActiveCfg = Debug|Any CPU
		{135C0BEC-FBC4-AF16-3DB3-E4C67817090E}.Debug|Any CPU.Build.0 = Debug|Any CPU
		{135C0BEC-FBC4-AF16-3DB3-E4C67817090E}.Release|Any CPU.ActiveCfg = Release|Any CPU
		{135C0BEC-FBC4-AF16-3DB3-E4C67817090E}.Release|Any CPU.Build.0 = Release|Any CPU
	EndGlobalSection
	GlobalSection(SolutionProperties) = preSolution
		HideSolutionNode = FALSE
	EndGlobalSection
EndGlobal
